
Microsoft Visual Studio Solution File, Format Version 12.00
# Visual Studio Version 17
VisualStudioVersion = 17.10.34804.81
MinimumVisualStudioVersion = 10.0.40219.1
Project("{FAE04EC0-301F-11D3-BF4B-00C04F79EFBC}") = "Day4First", "Day4First\Day4First.csproj", "{B53C07EB-205A-4C7E-BFFD-419C4FB26494}"
EndProject
Global
	GlobalSection(SolutionConfigurationPlatforms) = preSolution
		Debug|Any CPU = Debug|Any CPU
		Release|Any CPU = Release|Any CPU
	EndGlobalSection
	GlobalSection(ProjectConfigurationPlatforms) = postSolution
		{B53C07EB-205A-4C7E-BFFD-419C4FB26494}.Debug|Any CPU.ActiveCfg = Debug|Any CPU
		{B53C07EB-205A-4C7E-BFFD-419C4FB26494}.Debug|Any CPU.Build.0 = Debug|Any CPU
		{B53C07EB-205A-4C7E-BFFD-419C4FB26494}.Release|Any CPU.ActiveCfg = Release|Any CPU
		{B53C07EB-205A-4C7E-BFFD-419C4FB26494}.Release|Any CPU.Build.0 = Release|Any CPU
	EndGlobalSection
	GlobalSection(SolutionProperties) = preSolution
		HideSolutionNode = FALSE
	EndGlobalSection
	GlobalSection(ExtensibilityGlobals) = postSolution
		SolutionGuid = {25973AC5-46D6-4FF0-8A07-1329C993D726}
	EndGlobalSection
EndGlobal
